
Microsoft Visual Studio Solution File, Format Version 12.00
# Visual Studio Version 17
VisualStudioVersion = 17.0.32112.339
MinimumVisualStudioVersion = 10.0.40219.1
Project("{FAE04EC0-301F-11D3-BF4B-00C04F79EFBC}") = "WebEmploye.Web", "WebEmploye.Web\WebEmploye.Web.csproj", "{1BBAA6F6-B61A-4895-8CC5-944839543BEA}"
EndProject
Project("{FAE04EC0-301F-11D3-BF4B-00C04F79EFBC}") = "WebEmp_DLL", "WebEmp_DLL\WebEmp_DLL.csproj", "{7DD83F9D-85A7-4C2D-9824-83B94677985D}"
EndProject
Global
	GlobalSection(SolutionConfigurationPlatforms) = preSolution
		Debug|Any CPU = Debug|Any CPU
		Release|Any CPU = Release|Any CPU
	EndGlobalSection
	GlobalSection(ProjectConfigurationPlatforms) = postSolution
		{1BBAA6F6-B61A-4895-8CC5-944839543BEA}.Debug|Any CPU.ActiveCfg = Debug|Any CPU
		{1BBAA6F6-B61A-4895-8CC5-944839543BEA}.Debug|Any CPU.Build.0 = Debug|Any CPU
		{1BBAA6F6-B61A-4895-8CC5-944839543BEA}.Release|Any CPU.ActiveCfg = Release|Any CPU
		{1BBAA6F6-B61A-4895-8CC5-944839543BEA}.Release|Any CPU.Build.0 = Release|Any CPU
		{7DD83F9D-85A7-4C2D-9824-83B94677985D}.Debug|Any CPU.ActiveCfg = Debug|Any CPU
		{7DD83F9D-85A7-4C2D-9824-83B94677985D}.Debug|Any CPU.Build.0 = Debug|Any CPU
		{7DD83F9D-85A7-4C2D-9824-83B94677985D}.Release|Any CPU.ActiveCfg = Release|Any CPU
		{7DD83F9D-85A7-4C2D-9824-83B94677985D}.Release|Any CPU.Build.0 = Release|Any CPU
	EndGlobalSection
	GlobalSection(SolutionProperties) = preSolution
		HideSolutionNode = FALSE
	EndGlobalSection
	GlobalSection(ExtensibilityGlobals) = postSolution
		SolutionGuid = {6B0EEC70-F595-439B-812F-1F6ABECE32EE}
	EndGlobalSection
EndGlobal
